// !$*UTF8*$!
{
	archiveVersion = 1;
	classes = {
	};
	objectVersion = 77;
	objects = {

/* Begin PBXContainerItemProxy section */
		FF37566E2CA15ABE001828E3 /* PBXContainerItemProxy */ = {
			isa = PBXContainerItemProxy;
			containerPortal = FF37564F2CA15ABC001828E3 /* Project object */;
			proxyType = 1;
			remoteGlobalIDString = FF3756562CA15ABC001828E3;
			remoteInfo = TicTacToe2;
		};
		FF3756782CA15ABE001828E3 /* PBXContainerItemProxy */ = {
			isa = PBXContainerItemProxy;
			containerPortal = FF37564F2CA15ABC001828E3 /* Project object */;
			proxyType = 1;
			remoteGlobalIDString = FF3756562CA15ABC001828E3;
			remoteInfo = TicTacToe2;
		};
/* End PBXContainerItemProxy section */

/* Begin PBXFileReference section */
		FF3756572CA15ABC001828E3 /* TicTacToe2.app */ = {isa = PBXFileReference; explicitFileType = wrapper.application; includeInIndex = 0; path = TicTacToe2.app; sourceTree = BUILT_PRODUCTS_DIR; };
		FF37566D2CA15ABE001828E3 /* TicTacToe2Tests.xctest */ = {isa = PBXFileReference; explicitFileType = wrapper.cfbundle; includeInIndex = 0; path = TicTacToe2Tests.xctest; sourceTree = BUILT_PRODUCTS_DIR; };
		FF3756772CA15ABE001828E3 /* TicTacToe2UITests.xctest */ = {isa = PBXFileReference; explicitFileType = wrapper.cfbundle; includeInIndex = 0; path = TicTacToe2UITests.xctest; sourceTree = BUILT_PRODUCTS_DIR; };
/* End PBXFileReference section */

/* Begin PBXFileSystemSynchronizedBuildFileExceptionSet section */
		FF37567F2CA15ABE001828E3 /* Exceptions for "TicTacToe2" folder in "TicTacToe2" target */ = {
			isa = PBXFileSystemSynchronizedBuildFileExceptionSet;
			membershipExceptions = (
				Info.plist,
			);
			target = FF3756562CA15ABC001828E3 /* TicTacToe2 */;
		};
/* End PBXFileSystemSynchronizedBuildFileExceptionSet section */

/* Begin PBXFileSystemSynchronizedRootGroup section */
		FF3756592CA15ABC001828E3 /* TicTacToe2 */ = {
			isa = PBXFileSystemSynchronizedRootGroup;
			exceptions = (
				FF37567F2CA15ABE001828E3 /* Exceptions for "TicTacToe2" folder in "TicTacToe2" target */,
			);
			path = TicTacToe2;
			sourceTree = "<group>";
		};
		FF3756702CA15ABE001828E3 /* TicTacToe2Tests */ = {
			isa = PBXFileSystemSynchronizedRootGroup;
			path = TicTacToe2Tests;
			sourceTree = "<group>";
		};
		FF37567A2CA15ABE001828E3 /* TicTacToe2UITests */ = {
			isa = PBXFileSystemSynchronizedRootGroup;
			path = TicTacToe2UITests;
			sourceTree = "<group>";
		};
/* End PBXFileSystemSynchronizedRootGroup section */

/* Begin PBXFrameworksBuildPhase section */
		FF3756542CA15ABC001828E3 /* Frameworks */ = {
			isa = PBXFrameworksBuildPhase;
			buildActionMask = 2147483647;
			files = (
			);
			runOnlyForDeploymentPostprocessing = 0;
		};
		FF37566A2CA15ABE001828E3 /* Frameworks */ = {
			isa = PBXFrameworksBuildPhase;
			buildActionMask = 2147483647;
			files = (
			);
			runOnlyForDeploymentPostprocessing = 0;
		};
		FF3756742CA15ABE001828E3 /* Frameworks */ = {
			isa = PBXFrameworksBuildPhase;
			buildActionMask = 2147483647;
			files = (
			);
			runOnlyForDeploymentPostprocessing = 0;
		};
/* End PBXFrameworksBuildPhase section */

/* Begin PBXGroup section */
		FF37564E2CA15ABC001828E3 = {
			isa = PBXGroup;
			children = (
				FF3756592CA15ABC001828E3 /* TicTacToe2 */,
				FF3756702CA15ABE001828E3 /* TicTacToe2Tests */,
				FF37567A2CA15ABE001828E3 /* TicTacToe2UITests */,
				FF3756582CA15ABC001828E3 /* Products */,
			);
			sourceTree = "<group>";
		};
		FF3756582CA15ABC001828E3 /* Products */ = {
			isa = PBXGroup;
			children = (
				FF3756572CA15ABC001828E3 /* TicTacToe2.app */,
				FF37566D2CA15ABE001828E3 /* TicTacToe2Tests.xctest */,
				FF3756772CA15ABE001828E3 /* TicTacToe2UITests.xctest */,
			);
			name = Products;
			sourceTree = "<group>";
		};
/* End PBXGroup section */

/* Begin PBXNativeTarget section */
		FF3756562CA15ABC001828E3 /* TicTacToe2 */ = {
			isa = PBXNativeTarget;
			buildConfigurationList = FF3756802CA15ABE001828E3 /* Build configuration list for PBXNativeTarget "TicTacToe2" */;
			buildPhases = (
				FF3756532CA15ABC001828E3 /* Sources */,
				FF3756542CA15ABC001828E3 /* Frameworks */,
				FF3756552CA15ABC001828E3 /* Resources */,
			);
			buildRules = (
			);
			dependencies = (
			);
			fileSystemSynchronizedGroups = (
				FF3756592CA15ABC001828E3 /* TicTacToe2 */,
			);
			name = TicTacToe2;
			packageProductDependencies = (
			);
			productName = TicTacToe2;
			productReference = FF3756572CA15ABC001828E3 /* TicTacToe2.app */;
			productType = "com.apple.product-type.application";
		};
		FF37566C2CA15ABE001828E3 /* TicTacToe2Tests */ = {
			isa = PBXNativeTarget;
			buildConfigurationList = FF3756852CA15ABE001828E3 /* Build configuration list for PBXNativeTarget "TicTacToe2Tests" */;
			buildPhases = (
				FF3756692CA15ABE001828E3 /* Sources */,
				FF37566A2CA15ABE001828E3 /* Frameworks */,
				FF37566B2CA15ABE001828E3 /* Resources */,
			);
			buildRules = (
			);
			dependencies = (
				FF37566F2CA15ABE001828E3 /* PBXTargetDependency */,
			);
			fileSystemSynchronizedGroups = (
				FF3756702CA15ABE001828E3 /* TicTacToe2Tests */,
			);
			name = TicTacToe2Tests;
			packageProductDependencies = (
			);
			productName = TicTacToe2Tests;
			productReference = FF37566D2CA15ABE001828E3 /* TicTacToe2Tests.xctest */;
			productType = "com.apple.product-type.bundle.unit-test";
		};
		FF3756762CA15ABE001828E3 /* TicTacToe2UITests */ = {
			isa = PBXNativeTarget;
			buildConfigurationList = FF3756882CA15ABE001828E3 /* Build configuration list for PBXNativeTarget "TicTacToe2UITests" */;
			buildPhases = (
				FF3756732CA15ABE001828E3 /* Sources */,
				FF3756742CA15ABE001828E3 /* Frameworks */,
				FF3756752CA15ABE001828E3 /* Resources */,
			);
			buildRules = (
			);
			dependencies = (
				FF3756792CA15ABE001828E3 /* PBXTargetDependency */,
			);
			fileSystemSynchronizedGroups = (
				FF37567A2CA15ABE001828E3 /* TicTacToe2UITests */,
			);
			name = TicTacToe2UITests;
			packageProductDependencies = (
			);
			productName = TicTacToe2UITests;
			productReference = FF3756772CA15ABE001828E3 /* TicTacToe2UITests.xctest */;
			productType = "com.apple.product-type.bundle.ui-testing";
		};
/* End PBXNativeTarget section */

/* Begin PBXProject section */
		FF37564F2CA15ABC001828E3 /* Project object */ = {
			isa = PBXProject;
			attributes = {
				BuildIndependentTargetsInParallel = 1;
				LastSwiftUpdateCheck = 1600;
				LastUpgradeCheck = 1600;
				TargetAttributes = {
					FF3756562CA15ABC001828E3 = {
						CreatedOnToolsVersion = 16.0;
					};
					FF37566C2CA15ABE001828E3 = {
						CreatedOnToolsVersion = 16.0;
						TestTargetID = FF3756562CA15ABC001828E3;
					};
					FF3756762CA15ABE001828E3 = {
						CreatedOnToolsVersion = 16.0;
						TestTargetID = FF3756562CA15ABC001828E3;
					};
				};
			};
			buildConfigurationList = FF3756522CA15ABC001828E3 /* Build configuration list for PBXProject "TicTacToe2" */;
			developmentRegion = en;
			hasScannedForEncodings = 0;
			knownRegions = (
				en,
				Base,
			);
			mainGroup = FF37564E2CA15ABC001828E3;
			minimizedProjectReferenceProxies = 1;
			preferredProjectObjectVersion = 77;
			productRefGroup = FF3756582CA15ABC001828E3 /* Products */;
			projectDirPath = "";
			projectRoot = "";
			targets = (
				FF3756562CA15ABC001828E3 /* TicTacToe2 */,
				FF37566C2CA15ABE001828E3 /* TicTacToe2Tests */,
				FF3756762CA15ABE001828E3 /* TicTacToe2UITests */,
			);
		};
/* End PBXProject section */

/* Begin PBXResourcesBuildPhase section */
		FF3756552CA15ABC001828E3 /* Resources */ = {
			isa = PBXResourcesBuildPhase;
			buildActionMask = 2147483647;
			files = (
			);
			runOnlyForDeploymentPostprocessing = 0;
		};
		FF37566B2CA15ABE001828E3 /* Resources */ = {
			isa = PBXResourcesBuildPhase;
			buildActionMask = 2147483647;
			files = (
			);
			runOnlyForDeploymentPostprocessing = 0;
		};
		FF3756752CA15ABE001828E3 /* Resources */ = {
			isa = PBXResourcesBuildPhase;
			buildActionMask = 2147483647;
			files = (
			);
			runOnlyForDeploymentPostprocessing = 0;
		};
/* End PBXResourcesBuildPhase section */

/* Begin PBXSourcesBuildPhase section */
		FF3756532CA15ABC001828E3 /* Sources */ = {
			isa = PBXSourcesBuildPhase;
			buildActionMask = 2147483647;
			files = (
			);
			runOnlyForDeploymentPostprocessing = 0;
		};
		FF3756692CA15ABE001828E3 /* Sources */ = {
			isa = PBXSourcesBuildPhase;
			buildActionMask = 2147483647;
			files = (
			);
			runOnlyForDeploymentPostprocessing = 0;
		};
		FF3756732CA15ABE001828E3 /* Sources */ = {
			isa = PBXSourcesBuildPhase;
			buildActionMask = 2147483647;
			files = (
			);
			runOnlyForDeploymentPostprocessing = 0;
		};
/* End PBXSourcesBuildPhase section */

/* Begin PBXTargetDependency section */
		FF37566F2CA15ABE001828E3 /* PBXTargetDependency */ = {
			isa = PBXTargetDependency;
			target = FF3756562CA15ABC001828E3 /* TicTacToe2 */;
			targetProxy = FF37566E2CA15ABE001828E3 /* PBXContainerItemProxy */;
		};
		FF3756792CA15ABE001828E3 /* PBXTargetDependency */ = {
			isa = PBXTargetDependency;
			target = FF3756562CA15ABC001828E3 /* TicTacToe2 */;
			targetProxy = FF3756782CA15ABE001828E3 /* PBXContainerItemProxy */;
		};
/* End PBXTargetDependency section */

/* Begin XCBuildConfiguration section */
		FF3756812CA15ABE001828E3 /* Debug */ = {
			isa = XCBuildConfiguration;
			buildSettings = {
				ASSETCATALOG_COMPILER_APPICON_NAME = AppIcon;
				ASSETCATALOG_COMPILER_GLOBAL_ACCENT_COLOR_NAME = AccentColor;
				CODE_SIGN_STYLE = Automatic;
				CURRENT_PROJECT_VERSION = 1;
				DEVELOPMENT_TEAM = 89J834P7LP;
				GENERATE_INFOPLIST_FILE = YES;
				INFOPLIST_FILE = TicTacToe2/Info.plist;
				INFOPLIST_KEY_UIApplicationSupportsIndirectInputEvents = YES;
				INFOPLIST_KEY_UILaunchStoryboardName = LaunchScreen;
				INFOPLIST_KEY_UIMainStoryboardFile = Main;
				INFOPLIST_KEY_UISupportedInterfaceOrientations_iPad = "UIInterfaceOrientationPortrait UIInterfaceOrientationPortraitUpsideDown UIInterfaceOrientationLandscapeLeft UIInterfaceOrientationLandscapeRight";
				INFOPLIST_KEY_UISupportedInterfaceOrientations_iPhone = "UIInterfaceOrientationPortrait UIInterfaceOrientationLandscapeLeft UIInterfaceOrientationLandscapeRight";
				LD_RUNPATH_SEARCH_PATHS = (
					"$(inherited)",
					"@executable_path/Frameworks",
				);
				MARKETING_VERSION = 1.0;
				PRODUCT_BUNDLE_IDENTIFIER = com.codewithbaiana.TicTacToe2;
				PRODUCT_NAME = "$(TARGET_NAME)";
				SWIFT_EMIT_LOC_STRINGS = YES;
				SWIFT_VERSION = 5.0;
				TARGETED_DEVICE_FAMILY = "1,2";
			};
			name = Debug;
		};
		FF3756822CA15ABE001828E3 /* Release */ = {
			isa = XCBuildConfiguration;
			buildSettings = {
				ASSETCATALOG_COMPILER_APPICON_NAME = AppIcon;
				ASSETCATALOG_COMPILER_GLOBAL_ACCENT_COLOR_NAME = AccentColor;
				CODE_SIGN_STYLE = Automatic;
				CURRENT_PROJECT_VERSION = 1;
				DEVELOPMENT_TEAM = 89J834P7LP;
				GENERATE_INFOPLIST_FILE = YES;
				INFOPLIST_FILE = TicTacToe2/Info.plist;
				INFOPLIST_KEY_UIApplicationSupportsIndirectInputEvents = YES;
				INFOPLIST_KEY_UILaunchStoryboardName = LaunchScreen;
				INFOPLIST_KEY_UIMainStoryboardFile = Main;
				INFOPLIST_KEY_UISupportedInterfaceOrientations_iPad = "UIInterfaceOrientationPortrait UIInterfaceOrientationPortraitUpsideDown UIInterfaceOrientationLandscapeLeft UIInterfaceOrientationLandscapeRight";
				INFOPLIST_KEY_UISupportedInterfaceOrientations_iPhone = "UIInterfaceOrientationPortrait UIInterfaceOrientationLandscapeLeft UIInterfaceOrientationLandscapeRight";
				LD_RUNPATH_SEARCH_PATHS = (
					"$(inherited)",
					"@executable_path/Frameworks",
				);
				MARKETING_VERSION = 1.0;
				PRODUCT_BUNDLE_IDENTIFIER = com.codewithbaiana.TicTacToe2;
				PRODUCT_NAME = "$(TARGET_NAME)";
				SWIFT_EMIT_LOC_STRINGS = YES;
				SWIFT_VERSION = 5.0;
				TARGETED_DEVICE_FAMILY = "1,2";
			};
			name = Release;
		};
		FF3756832CA15ABE001828E3 /* Debug */ = {
			isa = XCBuildConfiguration;
			buildSettings = {
				ALWAYS_SEARCH_USER_PATHS = NO;
				ASSETCATALOG_COMPILER_GENERATE_SWIFT_ASSET_SYMBOL_EXTENSIONS = YES;
				CLANG_ANALYZER_NONNULL = YES;
				CLANG_ANALYZER_NUMBER_OBJECT_CONVERSION = YES_AGGRESSIVE;
				CLANG_CXX_LANGUAGE_STANDARD = "gnu++20";
				CLANG_ENABLE_MODULES = YES;
				CLANG_ENABLE_OBJC_ARC = YES;
				CLANG_ENABLE_OBJC_WEAK = YES;
				CLANG_WARN_BLOCK_CAPTURE_AUTORELEASING = YES;
				CLANG_WARN_BOOL_CONVERSION = YES;
				CLANG_WARN_COMMA = YES;
				CLANG_WARN_CONSTANT_CONVERSION = YES;
				CLANG_WARN_DEPRECATED_OBJC_IMPLEMENTATIONS = YES;
				CLANG_WARN_DIRECT_OBJC_ISA_USAGE = YES_ERROR;
				CLANG_WARN_DOCUMENTATION_COMMENTS = YES;
				CLANG_WARN_EMPTY_BODY = YES;
				CLANG_WARN_ENUM_CONVERSION = YES;
				CLANG_WARN_INFINITE_RECURSION = YES;
				CLANG_WARN_INT_CONVERSION = YES;
				CLANG_WARN_NON_LITERAL_NULL_CONVERSION = YES;
				CLANG_WARN_OBJC_IMPLICIT_RETAIN_SELF = YES;
				CLANG_WARN_OBJC_LITERAL_CONVERSION = YES;
				CLANG_WARN_OBJC_ROOT_CLASS = YES_ERROR;
				CLANG_WARN_QUOTED_INCLUDE_IN_FRAMEWORK_HEADER = YES;
				CLANG_WARN_RANGE_LOOP_ANALYSIS = YES;
				CLANG_WARN_STRICT_PROTOTYPES = YES;
				CLANG_WARN_SUSPICIOUS_MOVE = YES;
				CLANG_WARN_UNGUARDED_AVAILABILITY = YES_AGGRESSIVE;
				CLANG_WARN_UNREACHABLE_CODE = YES;
				CLANG_WARN__DUPLICATE_METHOD_MATCH = YES;
				COPY_PHASE_STRIP = NO;
				DEBUG_INFORMATION_FORMAT = dwarf;
				ENABLE_STRICT_OBJC_MSGSEND = YES;
				ENABLE_TESTABILITY = YES;
				ENABLE_USER_SCRIPT_SANDBOXING = YES;
				GCC_C_LANGUAGE_STANDARD = gnu17;
				GCC_DYNAMIC_NO_PIC = NO;
				GCC_NO_COMMON_BLOCKS = YES;
				GCC_OPTIMIZATION_LEVEL = 0;
				GCC_PREPROCESSOR_DEFINITIONS = (
					"DEBUG=1",
					"$(inherited)",
				);
				GCC_WARN_64_TO_32_BIT_CONVERSION = YES;
				GCC_WARN_ABOUT_RETURN_TYPE = YES_ERROR;
				GCC_WARN_UNDECLARED_SELECTOR = YES;
				GCC_WARN_UNINITIALIZED_AUTOS = YES_AGGRESSIVE;
				GCC_WARN_UNUSED_FUNCTION = YES;
				GCC_WARN_UNUSED_VARIABLE = YES;
				IPHONEOS_DEPLOYMENT_TARGET = 18.0;
				LOCALIZATION_PREFERS_STRING_CATALOGS = YES;
				MTL_ENABLE_DEBUG_INFO = INCLUDE_SOURCE;
				MTL_FAST_MATH = YES;
				ONLY_ACTIVE_ARCH = YES;
				SDKROOT = iphoneos;
				SWIFT_ACTIVE_COMPILATION_CONDITIONS = "DEBUG $(inherited)";
				SWIFT_OPTIMIZATION_LEVEL = "-Onone";
			};
			name = Debug;
		};
		FF3756842CA15ABE001828E3 /* Release */ = {
			isa = XCBuildConfiguration;
			buildSettings = {
				ALWAYS_SEARCH_USER_PATHS = NO;
				ASSETCATALOG_COMPILER_GENERATE_SWIFT_ASSET_SYMBOL_EXTENSIONS = YES;
				CLANG_ANALYZER_NONNULL = YES;
				CLANG_ANALYZER_NUMBER_OBJECT_CONVERSION = YES_AGGRESSIVE;
				CLANG_CXX_LANGUAGE_STANDARD = "gnu++20";
				CLANG_ENABLE_MODULES = YES;
				CLANG_ENABLE_OBJC_ARC = YES;
				CLANG_ENABLE_OBJC_WEAK = YES;
				CLANG_WARN_BLOCK_CAPTURE_AUTORELEASING = YES;
				CLANG_WARN_BOOL_CONVERSION = YES;
				CLANG_WARN_COMMA = YES;
				CLANG_WARN_CONSTANT_CONVERSION = YES;
				CLANG_WARN_DEPRECATED_OBJC_IMPLEMENTATIONS = YES;
				CLANG_WARN_DIRECT_OBJC_ISA_USAGE = YES_ERROR;
				CLANG_WARN_DOCUMENTATION_COMMENTS = YES;
				CLANG_WARN_EMPTY_BODY = YES;
				CLANG_WARN_ENUM_CONVERSION = YES;
				CLANG_WARN_INFINITE_RECURSION = YES;
				CLANG_WARN_INT_CONVERSION = YES;
				CLANG_WARN_NON_LITERAL_NULL_CONVERSION = YES;
				CLANG_WARN_OBJC_IMPLICIT_RETAIN_SELF = YES;
				CLANG_WARN_OBJC_LITERAL_CONVERSION = YES;
				CLANG_WARN_OBJC_ROOT_CLASS = YES_ERROR;
				CLANG_WARN_QUOTED_INCLUDE_IN_FRAMEWORK_HEADER = YES;
				CLANG_WARN_RANGE_LOOP_ANALYSIS = YES;
				CLANG_WARN_STRICT_PROTOTYPES = YES;
				CLANG_WARN_SUSPICIOUS_MOVE = YES;
				CLANG_WARN_UNGUARDED_AVAILABILITY = YES_AGGRESSIVE;
				CLANG_WARN_UNREACHABLE_CODE = YES;
				CLANG_WARN__DUPLICATE_METHOD_MATCH = YES;
				COPY_PHASE_STRIP = NO;
				DEBUG_INFORMATION_FORMAT = "dwarf-with-dsym";
				ENABLE_NS_ASSERTIONS = NO;
				ENABLE_STRICT_OBJC_MSGSEND = YES;
				ENABLE_USER_SCRIPT_SANDBOXING = YES;
				GCC_C_LANGUAGE_STANDARD = gnu17;
				GCC_NO_COMMON_BLOCKS = YES;
				GCC_WARN_64_TO_32_BIT_CONVERSION = YES;
				GCC_WARN_ABOUT_RETURN_TYPE = YES_ERROR;
				GCC_WARN_UNDECLARED_SELECTOR = YES;
				GCC_WARN_UNINITIALIZED_AUTOS = YES_AGGRESSIVE;
				GCC_WARN_UNUSED_FUNCTION = YES;
				GCC_WARN_UNUSED_VARIABLE = YES;
				IPHONEOS_DEPLOYMENT_TARGET = 18.0;
				LOCALIZATION_PREFERS_STRING_CATALOGS = YES;
				MTL_ENABLE_DEBUG_INFO = NO;
				MTL_FAST_MATH = YES;
				SDKROOT = iphoneos;
				SWIFT_COMPILATION_MODE = wholemodule;
				VALIDATE_PRODUCT = YES;
			};
			name = Release;
		};
		FF3756862CA15ABE001828E3 /* Debug */ = {
			isa = XCBuildConfiguration;
			buildSettings = {
				BUNDLE_LOADER = "$(TEST_HOST)";
				CODE_SIGN_STYLE = Automatic;
				CURRENT_PROJECT_VERSION = 1;
				DEVELOPMENT_TEAM = 89J834P7LP;
				GENERATE_INFOPLIST_FILE = YES;
				IPHONEOS_DEPLOYMENT_TARGET = 18.0;
				MARKETING_VERSION = 1.0;
				PRODUCT_BUNDLE_IDENTIFIER = com.codewithbaiana.TicTacToe2Tests;
				PRODUCT_NAME = "$(TARGET_NAME)";
				SWIFT_EMIT_LOC_STRINGS = NO;
				SWIFT_VERSION = 5.0;
				TARGETED_DEVICE_FAMILY = "1,2";
				TEST_HOST = "$(BUILT_PRODUCTS_DIR)/TicTacToe2.app/$(BUNDLE_EXECUTABLE_FOLDER_PATH)/TicTacToe2";
			};
			name = Debug;
		};
		FF3756872CA15ABE001828E3 /* Release */ = {
			isa = XCBuildConfiguration;
			buildSettings = {
				BUNDLE_LOADER = "$(TEST_HOST)";
				CODE_SIGN_STYLE = Automatic;
				CURRENT_PROJECT_VERSION = 1;
				DEVELOPMENT_TEAM = 89J834P7LP;
				GENERATE_INFOPLIST_FILE = YES;
				IPHONEOS_DEPLOYMENT_TARGET = 18.0;
				MARKETING_VERSION = 1.0;
				PRODUCT_BUNDLE_IDENTIFIER = com.codewithbaiana.TicTacToe2Tests;
				PRODUCT_NAME = "$(TARGET_NAME)";
				SWIFT_EMIT_LOC_STRINGS = NO;
				SWIFT_VERSION = 5.0;
				TARGETED_DEVICE_FAMILY = "1,2";
				TEST_HOST = "$(BUILT_PRODUCTS_DIR)/TicTacToe2.app/$(BUNDLE_EXECUTABLE_FOLDER_PATH)/TicTacToe2";
			};
			name = Release;
		};
		FF3756892CA15ABE001828E3 /* Debug */ = {
			isa = XCBuildConfiguration;
			buildSettings = {
				CODE_SIGN_STYLE = Automatic;
				CURRENT_PROJECT_VERSION = 1;
				DEVELOPMENT_TEAM = 89J834P7LP;
				GENERATE_INFOPLIST_FILE = YES;
				MARKETING_VERSION = 1.0;
				PRODUCT_BUNDLE_IDENTIFIER = com.codewithbaiana.TicTacToe2UITests;
				PRODUCT_NAME = "$(TARGET_NAME)";
				SWIFT_EMIT_LOC_STRINGS = NO;
				SWIFT_VERSION = 5.0;
				TARGETED_DEVICE_FAMILY = "1,2";
				TEST_TARGET_NAME = TicTacToe2;
			};
			name = Debug;
		};
		FF37568A2CA15ABE001828E3 /* Release */ = {
			isa = XCBuildConfiguration;
			buildSettings = {
				CODE_SIGN_STYLE = Automatic;
				CURRENT_PROJECT_VERSION = 1;
				DEVELOPMENT_TEAM = 89J834P7LP;
				GENERATE_INFOPLIST_FILE = YES;
				MARKETING_VERSION = 1.0;
				PRODUCT_BUNDLE_IDENTIFIER = com.codewithbaiana.TicTacToe2UITests;
				PRODUCT_NAME = "$(TARGET_NAME)";
				SWIFT_EMIT_LOC_STRINGS = NO;
				SWIFT_VERSION = 5.0;
				TARGETED_DEVICE_FAMILY = "1,2";
				TEST_TARGET_NAME = TicTacToe2;
			};
			name = Release;
		};
/* End XCBuildConfiguration section */

/* Begin XCConfigurationList section */
		FF3756522CA15ABC001828E3 /* Build configuration list for PBXProject "TicTacToe2" */ = {
			isa = XCConfigurationList;
			buildConfigurations = (
				FF3756832CA15ABE001828E3 /* Debug */,
				FF3756842CA15ABE001828E3 /* Release */,
			);
			defaultConfigurationIsVisible = 0;
			defaultConfigurationName = Release;
		};
		FF3756802CA15ABE001828E3 /* Build configuration list for PBXNativeTarget "TicTacToe2" */ = {
			isa = XCConfigurationList;
			buildConfigurations = (
				FF3756812CA15ABE001828E3 /* Debug */,
				FF3756822CA15ABE001828E3 /* Release */,
			);
			defaultConfigurationIsVisible = 0;
			defaultConfigurationName = Release;
		};
		FF3756852CA15ABE001828E3 /* Build configuration list for PBXNativeTarget "TicTacToe2Tests" */ = {
			isa = XCConfigurationList;
			buildConfigurations = (
				FF3756862CA15ABE001828E3 /* Debug */,
				FF3756872CA15ABE001828E3 /* Release */,
			);
			defaultConfigurationIsVisible = 0;
			defaultConfigurationName = Release;
		};
		FF3756882CA15ABE001828E3 /* Build configuration list for PBXNativeTarget "TicTacToe2UITests" */ = {
			isa = XCConfigurationList;
			buildConfigurations = (
				FF3756892CA15ABE001828E3 /* Debug */,
				FF37568A2CA15ABE001828E3 /* Release */,
			);
			defaultConfigurationIsVisible = 0;
			defaultConfigurationName = Release;
		};
/* End XCConfigurationList section */
	};
	rootObject = FF37564F2CA15ABC001828E3 /* Project object */;
}
